{
  "name": "filmsource-window",
  "version": "1.0.0",
  "lockfileVersion": 2,
  "requires": true,
  "packages": {
    "": {
      "name": "filmsource-window",
      "version": "1.0.0",
      "license": "ISC",
      "dependencies": {
        "nativefier": "npm:undefined@*"
      }
    },
    "node_modules/nativefier": {}
  },
  "dependencies": {
    "nativefier": {}
  }
}
